
Microsoft Visual Studio Solution File, Format Version 10.00
# Visual Studio 2008
# SharpDevelop 3.2.1.6466
Project("{FAE04EC0-301F-11D3-BF4B-00C04F79EFBC}") = "blnk", "blnk.csproj", "{C258D156-0007-4F22-A230-B589E9DAFC1A}"
EndProject
Global
	GlobalSection(SolutionConfigurationPlatforms) = preSolution
		Debug|x86 = Debug|x86
		Release|x86 = Release|x86
	EndGlobalSection
	GlobalSection(ProjectConfigurationPlatforms) = postSolution
		{C258D156-0007-4F22-A230-B589E9DAFC1A}.Debug|x86.Build.0 = Debug|x86
		{C258D156-0007-4F22-A230-B589E9DAFC1A}.Debug|x86.ActiveCfg = Debug|x86
		{C258D156-0007-4F22-A230-B589E9DAFC1A}.Release|x86.Build.0 = Release|x86
		{C258D156-0007-4F22-A230-B589E9DAFC1A}.Release|x86.ActiveCfg = Release|x86
	EndGlobalSection
EndGlobal
